
Microsoft Visual Studio Solution File, Format Version 12.00
Project("{FAE04EC0-301F-11D3-BF4B-00C04F79EFBC}") = "Schachbrett", "Schachbrett\Schachbrett.csproj", "{59D7CDA9-63BB-4D2A-BFB9-CCCA2F206F3D}"
EndProject
Project("{FAE04EC0-301F-11D3-BF4B-00C04F79EFBC}") = "Taschenrechner", "Taschenrechner\Taschenrechner.csproj", "{2490785B-7158-4C25-9DF2-63017B4CA0E4}"
EndProject
Project("{FAE04EC0-301F-11D3-BF4B-00C04F79EFBC}") = "Ping Pong v1-v4 ", "PingPong v1 - v4\Ping Pong v1-v4 .csproj", "{F5CBDF01-D475-4FFC-A078-9BD92E51CE02}"
EndProject
Project("{FAE04EC0-301F-11D3-BF4B-00C04F79EFBC}") = "Ping Pong v5 ", "PingPong v5\Ping Pong v5 .csproj", "{F5CBDF01-D475-4FFC-A078-9BD92E51CE02}"
EndProject
Global
	GlobalSection(SolutionConfigurationPlatforms) = preSolution
		Debug|Any CPU = Debug|Any CPU
		Release|Any CPU = Release|Any CPU
	EndGlobalSection
	GlobalSection(ProjectConfigurationPlatforms) = postSolution
		{59D7CDA9-63BB-4D2A-BFB9-CCCA2F206F3D}.Debug|Any CPU.ActiveCfg = Debug|Any CPU
		{59D7CDA9-63BB-4D2A-BFB9-CCCA2F206F3D}.Debug|Any CPU.Build.0 = Debug|Any CPU
		{59D7CDA9-63BB-4D2A-BFB9-CCCA2F206F3D}.Release|Any CPU.ActiveCfg = Release|Any CPU
		{59D7CDA9-63BB-4D2A-BFB9-CCCA2F206F3D}.Release|Any CPU.Build.0 = Release|Any CPU
		{2490785B-7158-4C25-9DF2-63017B4CA0E4}.Debug|Any CPU.ActiveCfg = Debug|Any CPU
		{2490785B-7158-4C25-9DF2-63017B4CA0E4}.Debug|Any CPU.Build.0 = Debug|Any CPU
		{2490785B-7158-4C25-9DF2-63017B4CA0E4}.Release|Any CPU.ActiveCfg = Release|Any CPU
		{2490785B-7158-4C25-9DF2-63017B4CA0E4}.Release|Any CPU.Build.0 = Release|Any CPU
		{F5CBDF01-D475-4FFC-A078-9BD92E51CE02}.Debug|Any CPU.ActiveCfg = Debug|Any CPU
		{F5CBDF01-D475-4FFC-A078-9BD92E51CE02}.Debug|Any CPU.Build.0 = Debug|Any CPU
		{F5CBDF01-D475-4FFC-A078-9BD92E51CE02}.Release|Any CPU.ActiveCfg = Release|Any CPU
		{F5CBDF01-D475-4FFC-A078-9BD92E51CE02}.Release|Any CPU.Build.0 = Release|Any CPU
	EndGlobalSection
EndGlobal
